
Microsoft Visual Studio Solution File, Format Version 12.00
# Visual Studio Version 16
VisualStudioVersion = 16.0.29806.167
MinimumVisualStudioVersion = 10.0.40219.1
Project("{FAE04EC0-301F-11D3-BF4B-00C04F79EFBC}") = "CartonBuilder.Web", "application\CartonBuilder.Web\CartonBuilder.Web.csproj", "{90203B59-671A-4911-B1D0-76FC2F003BDF}"
EndProject
Project("{FAE04EC0-301F-11D3-BF4B-00C04F79EFBC}") = "CartonBuilder.Data", "application\CartonBuilder.Data\CartonBuilder.Data.csproj", "{69A9C4DE-2659-44B6-B346-9014A8E0B7CF}"
EndProject
Project("{FAE04EC0-301F-11D3-BF4B-00C04F79EFBC}") = "CartonBuilder.Models", "application\CartonBuilder.Models\CartonBuilder.Models.csproj", "{18F9DC02-2322-4A39-8E95-5DEABE9E71A2}"
EndProject
Project("{FAE04EC0-301F-11D3-BF4B-00C04F79EFBC}") = "CartonBuilder.Web.Tests", "application\CartonBuilder.Web.Tests\CartonBuilder.Web.Tests.csproj", "{3EFEDB71-C52F-4086-8665-136FBB2720F2}"
EndProject
Global
	GlobalSection(SolutionConfigurationPlatforms) = preSolution
		Debug|Any CPU = Debug|Any CPU
		Release|Any CPU = Release|Any CPU
	EndGlobalSection
	GlobalSection(ProjectConfigurationPlatforms) = postSolution
		{90203B59-671A-4911-B1D0-76FC2F003BDF}.Debug|Any CPU.ActiveCfg = Debug|Any CPU
		{90203B59-671A-4911-B1D0-76FC2F003BDF}.Debug|Any CPU.Build.0 = Debug|Any CPU
		{90203B59-671A-4911-B1D0-76FC2F003BDF}.Release|Any CPU.ActiveCfg = Release|Any CPU
		{90203B59-671A-4911-B1D0-76FC2F003BDF}.Release|Any CPU.Build.0 = Release|Any CPU
		{69A9C4DE-2659-44B6-B346-9014A8E0B7CF}.Debug|Any CPU.ActiveCfg = Debug|Any CPU
		{69A9C4DE-2659-44B6-B346-9014A8E0B7CF}.Debug|Any CPU.Build.0 = Debug|Any CPU
		{69A9C4DE-2659-44B6-B346-9014A8E0B7CF}.Release|Any CPU.ActiveCfg = Release|Any CPU
		{69A9C4DE-2659-44B6-B346-9014A8E0B7CF}.Release|Any CPU.Build.0 = Release|Any CPU
		{18F9DC02-2322-4A39-8E95-5DEABE9E71A2}.Debug|Any CPU.ActiveCfg = Debug|Any CPU
		{18F9DC02-2322-4A39-8E95-5DEABE9E71A2}.Debug|Any CPU.Build.0 = Debug|Any CPU
		{18F9DC02-2322-4A39-8E95-5DEABE9E71A2}.Release|Any CPU.ActiveCfg = Release|Any CPU
		{18F9DC02-2322-4A39-8E95-5DEABE9E71A2}.Release|Any CPU.Build.0 = Release|Any CPU
		{3EFEDB71-C52F-4086-8665-136FBB2720F2}.Debug|Any CPU.ActiveCfg = Debug|Any CPU
		{3EFEDB71-C52F-4086-8665-136FBB2720F2}.Debug|Any CPU.Build.0 = Debug|Any CPU
		{3EFEDB71-C52F-4086-8665-136FBB2720F2}.Release|Any CPU.ActiveCfg = Release|Any CPU
		{3EFEDB71-C52F-4086-8665-136FBB2720F2}.Release|Any CPU.Build.0 = Release|Any CPU
	EndGlobalSection
	GlobalSection(SolutionProperties) = preSolution
		HideSolutionNode = FALSE
	EndGlobalSection
	GlobalSection(ExtensibilityGlobals) = postSolution
		SolutionGuid = {6643FF55-86DA-4454-8301-8746EC659233}
	EndGlobalSection
EndGlobal
